
Microsoft Visual Studio Solution File, Format Version 12.00
# Visual Studio Version 17
VisualStudioVersion = 17.2.32616.157
MinimumVisualStudioVersion = 10.0.40219.1
Project("{FAE04EC0-301F-11D3-BF4B-00C04F79EFBC}") = "WebAPI_RestPremiereApp", "WebAPI_RestPremiereApp\WebAPI_RestPremiereApp.csproj", "{B0758926-76A6-4C1D-90C3-2A838DA1A25C}"
EndProject
Project("{FAE04EC0-301F-11D3-BF4B-00C04F79EFBC}") = "WebAPIRest_GestionStock", "WebAPIRest_GestionStock\WebAPIRest_GestionStock.csproj", "{59BCA0B6-711C-45F8-9BC8-D34C9CF7AEAA}"
EndProject
Global
	GlobalSection(SolutionConfigurationPlatforms) = preSolution
		Debug|Any CPU = Debug|Any CPU
		Release|Any CPU = Release|Any CPU
	EndGlobalSection
	GlobalSection(ProjectConfigurationPlatforms) = postSolution
		{B0758926-76A6-4C1D-90C3-2A838DA1A25C}.Debug|Any CPU.ActiveCfg = Debug|Any CPU
		{B0758926-76A6-4C1D-90C3-2A838DA1A25C}.Debug|Any CPU.Build.0 = Debug|Any CPU
		{B0758926-76A6-4C1D-90C3-2A838DA1A25C}.Release|Any CPU.ActiveCfg = Release|Any CPU
		{B0758926-76A6-4C1D-90C3-2A838DA1A25C}.Release|Any CPU.Build.0 = Release|Any CPU
		{59BCA0B6-711C-45F8-9BC8-D34C9CF7AEAA}.Debug|Any CPU.ActiveCfg = Debug|Any CPU
		{59BCA0B6-711C-45F8-9BC8-D34C9CF7AEAA}.Debug|Any CPU.Build.0 = Debug|Any CPU
		{59BCA0B6-711C-45F8-9BC8-D34C9CF7AEAA}.Release|Any CPU.ActiveCfg = Release|Any CPU
		{59BCA0B6-711C-45F8-9BC8-D34C9CF7AEAA}.Release|Any CPU.Build.0 = Release|Any CPU
	EndGlobalSection
	GlobalSection(SolutionProperties) = preSolution
		HideSolutionNode = FALSE
	EndGlobalSection
	GlobalSection(ExtensibilityGlobals) = postSolution
		SolutionGuid = {5A27B31B-D0F4-4D79-AEAD-116C442504C9}
	EndGlobalSection
EndGlobal
